
Microsoft Visual Studio Solution File, Format Version 12.00
# Visual Studio Version 17
VisualStudioVersion = 17.8.34322.80
MinimumVisualStudioVersion = 10.0.40219.1
Project("{FAE04EC0-301F-11D3-BF4B-00C04F79EFBC}") = "Window Form Test", "Window Form Test\Window Form Test.csproj", "{10BCCAF1-F544-447E-B732-F300D19AD35E}"
EndProject
Global
	GlobalSection(SolutionConfigurationPlatforms) = preSolution
		Debug|Any CPU = Debug|Any CPU
		Release|Any CPU = Release|Any CPU
	EndGlobalSection
	GlobalSection(ProjectConfigurationPlatforms) = postSolution
		{10BCCAF1-F544-447E-B732-F300D19AD35E}.Debug|Any CPU.ActiveCfg = Debug|Any CPU
		{10BCCAF1-F544-447E-B732-F300D19AD35E}.Debug|Any CPU.Build.0 = Debug|Any CPU
		{10BCCAF1-F544-447E-B732-F300D19AD35E}.Release|Any CPU.ActiveCfg = Release|Any CPU
		{10BCCAF1-F544-447E-B732-F300D19AD35E}.Release|Any CPU.Build.0 = Release|Any CPU
	EndGlobalSection
	GlobalSection(SolutionProperties) = preSolution
		HideSolutionNode = FALSE
	EndGlobalSection
	GlobalSection(ExtensibilityGlobals) = postSolution
		SolutionGuid = {7F907E0F-A891-4512-86B3-CF080588CA1D}
	EndGlobalSection
EndGlobal
